version = 1
revision = 3
requires-python = ">=3.10"

[[package]]
name = "antlr4-python3-runtime"
version = "4.13.2"
source = { registry = "https://pypi.org/simple" }
sdist = { url = "https://files.pythonhosted.org/packages/33/5f/2cdf6f7aca3b20d3f316e9f505292e1f256a32089bd702034c29ebde6242/antlr4_python3_runtime-4.13.2.tar.gz", hash = "sha256:909b647e1d2fc2b70180ac586df3933e38919c85f98ccc656a96cd3f25ef3916", size = 117467, upload-time = "2024-08-03T19:00:12.757Z" }
wheels = [
    { url = "https://files.pythonhosted.org/packages/89/03/a851e84fcbb85214dc637b6378121ef9a0dd61b4c65264675d8a5c9b1ae7/antlr4_python3_runtime-4.13.2-py3-none-any.whl", hash = "sha256:fe3835eb8d33daece0e799090eda89719dbccee7aa39ef94eed3818cafa5a7e8", size = 144462, upload-time = "2024-08-03T19:00:11.134Z" },
]

[[package]]
name = "colorama"
version = "0.4.6"
source = { registry = "https://pypi.org/simple" }
sdist = { url = "https://files.pythonhosted.org/packages/d8/53/6f443c9a4a8358a93a6792e2acffb9d9d5cb0a5cfd8802644b7b1c9a02e4/colorama-0.4.6.tar.gz", hash = "sha256:08695f5cb7ed6e0531a20572697297273c47b8cae5a63ffc6d6ed5c201be6e44", size = 27697, upload-time = "2022-10-25T02:36:22.414Z" }
wheels = [
    { url = "https://files.pythonhosted.org/packages/d1/d6/3965ed04c63042e047cb6a3e6ed1a63a35087b6a609aa3a15ed8ac56c221/colorama-0.4.6-py2.py3-none-any.whl", hash = "sha256:4f1d9991f5acc0ca119f9d443620b77f9d6b33703e51011c16baf57afb285fc6", size = 25335, upload-time = "2022-10-25T02:36:20.889Z" },
]

[[package]]
name = "markdown"
version = "3.10.3"
source = { registry = "https://pypi.org/simple" }
sdist = { url = "https://files.pythonhosted.org/packages/29/6f/da4c6aea59b3001f2e8c0ec7497475aadaf3b021c10cab5b2858f0f32b26/markdown-3.10.3.tar.gz", hash = "sha256:3589362618f743188b4d955b874402bc814f4f83f544dc207719f4baa7d9c45f", size = 372596, upload-time = "2026-07-30T19:05:29.005Z" }
wheels = [
    { url = "https://files.pythonhosted.org/packages/64/69/4a5af2bc115a9a33fefe51709749de8262be3f9ba063d1753a837cdbc49c/markdown-3.10.3-py3-none-any.whl", hash = "sha256:fa6c92a00a4a3c98b22728c64a935ae1928250ae65058a6ded814d2cc29a4cea", size = 110757, upload-time = "2026-07-30T19:05:27.883Z" },
]

[[package]]
name = "peakrdl-tidy"
version = "0.1.0"
source = { virtual = "." }
dependencies = [
    { name = "systemrdl-compiler" },
]

[package.metadata]
requires-dist = [{ name = "systemrdl-compiler", specifier = ">=1.32.2" }]

[[package]]
name = "systemrdl-compiler"
version = "1.32.2"
source = { registry = "https://pypi.org/simple" }
dependencies = [
    { name = "antlr4-python3-runtime" },
    { name = "colorama" },
    { name = "markdown" },
    { name = "typing-extensions" },
]
sdist = { url = "https://files.pythonhosted.org/packages/03/ac/2088114d65e191e2a057313036254fb3df6ec64aaa744929a50b1e5202cb/systemrdl_compiler-1.32.2.tar.gz", hash = "sha256:3308f5ba2db23f035c25391022c70dbaba8980fdbfdf652bd2ad79fd33aba1f2", size = 484930, upload-time = "2026-02-27T05:54:23.244Z" }
wheels = [
    { url = "https://files.pythonhosted.org/packages/5a/18/d76dc65c7a2cffb5524c018c9edd69397d94f4cd708b52fad2c8cc3f8c99/systemrdl_compiler-1.32.2-cp37-abi3-macosx_11_0_arm64.whl", hash = "sha256:4870074e9d1f720f577966e107f7096e0c464772456ecd9e772fd2055216d6a4", size = 1145125, upload-time = "2026-02-27T05:54:04.031Z" },
    { url = "https://files.pythonhosted.org/packages/d8/c7/ca0aa3d315e606c584841f1929b0b9bd7d9a6f1b1c76f09164cfd3f0ee2f/systemrdl_compiler-1.32.2-cp37-abi3-macosx_11_0_x86_64.whl", hash = "sha256:69e8ce07e5435cd61dc126113734b0f5e26271f193e08c9f31326a429d857fd9", size = 1172296, upload-time = "2026-02-27T05:54:05.948Z" },
    { url = "https://files.pythonhosted.org/packages/06/18/7abeafa5b642cc9e89ed534a7a73416b77540e7234bea08cc3138e790844/systemrdl_compiler-1.32.2-cp37-abi3-manylinux_2_17_aarch64.manylinux2014_aarch64.whl", hash = "sha256:c2777441b26f8ac880ba402c300bb2fd92d6b155aa50261715d9519a3a6e780a", size = 10973073, upload-time = "2026-02-27T05:54:07.25Z" },
    { url = "https://files.pythonhosted.org/packages/f2/97/04dc3272980a212674c9737f3c2928e49d862879843135c86da90b0c23fc/systemrdl_compiler-1.32.2-cp37-abi3-manylinux_2_17_i686.manylinux2014_i686.whl", hash = "sha256:be36bb56fdcb218e266ec7c1ae950492c6c0d9327c0c4d85912583ac6e26347b", size = 10845166, upload-time = "2026-02-27T05:54:09.59Z" },
    { url = "https://files.pythonhosted.org/packages/55/43/2ffd2c7753789e02bac7d902e847738af81f9a32098233464067a85ba92a/systemrdl_compiler-1.32.2-cp37-abi3-manylinux_2_17_x86_64.manylinux2014_x86_64.whl", hash = "sha256:c9707da961e8b8b28c43ebf542b2863e2dc581d194f5c4ceb0315a45ad8883e0", size = 11020140, upload-time = "2026-02-27T05:54:11.992Z" },
    { url = "https://files.pythonhosted.org/packages/94/7b/f94162860a1a5e2ccaa707c9c4c4c5031d98f3f00251b03a75ee9147b4da/systemrdl_compiler-1.32.2-cp37-abi3-musllinux_1_2_aarch64.whl", hash = "sha256:56f37930d5948da9ca77b70702d11b5b19bb9755e5fab97444aa65ce9be8d37e", size = 11049533, upload-time = "2026-02-27T05:54:14.107Z" },
    { url = "https://files.pythonhosted.org/packages/dc/3e/3596309bc436ca1ca6a8e20aee3af8b4924038fbeb422514f9b0756fbaa5/systemrdl_compiler-1.32.2-cp37-abi3-musllinux_1_2_i686.whl", hash = "sha256:8477c6d9fab1458c6dbd95f3d38bdb5c2a40998601a467e8e6c230cc82880b46", size = 11261692, upload-time = "2026-02-27T05:54:16.125Z" },
    { url = "https://files.pythonhosted.org/packages/28/84/4a0369f39c5a6a960382a2a9db0b8d7f511e1941c6ef21a9fb5401ce76c4/systemrdl_compiler-1.32.2-cp37-abi3-musllinux_1_2_x86_64.whl", hash = "sha256:a05dd1bcd8e7c29d2fe67fb46149f503f39173e462b4bf63fbd375fc0efd3cd1", size = 11301976, upload-time = "2026-02-27T05:54:18.141Z" },
    { url = "https://files.pythonhosted.org/packages/74/a2/91435c5c8b13dc065dd28dd6e7ca4122de566157f0282126add9025e74e5/systemrdl_compiler-1.32.2-cp37-abi3-win32.whl", hash = "sha256:402620a125e11086da3e1b609a3c8bd82d207c71691f6547242a3df237eb3b30", size = 923159, upload-time = "2026-02-27T05:54:20.104Z" },
    { url = "https://files.pythonhosted.org/packages/69/43/6794d66c9aa5394376ca1ef18343ebf146f25c75ba0d4240707e6198e47c/systemrdl_compiler-1.32.2-cp37-abi3-win_amd64.whl", hash = "sha256:06d6221257251adc0ee422da2dae9748a88239d72dd6e9b6ee21788396d6c2d0", size = 955604, upload-time = "2026-02-27T05:54:21.419Z" },
]

[[package]]
name = "typing-extensions"
version = "4.16.0"
source = { registry = "https://pypi.org/simple" }
sdist = { url = "https://files.pythonhosted.org/packages/f6/cc/6253133b5bb138fc3306cebfbda2c520f545d36b5be2c7255cc528bb45d6/typing_extensions-4.16.0.tar.gz", hash = "sha256:dc983d19a509c94dba722ee6abd33940f7c05a89e243c47e907eb4db6f1a43e5", size = 113555, upload-time = "2026-07-02T08:40:05.92Z" }
wheels = [
    { url = "https://files.pythonhosted.org/packages/49/d3/b8441a820a491ddfc024b0b0cf0393375b75ea13866d9c66727e54c2fc80/typing_extensions-4.16.0-py3-none-any.whl", hash = "sha256:481caa481374e813c1b176ada14e97f1f67a4539ce9cfeb3f350d78d6370c2e8", size = 45571, upload-time = "2026-07-02T08:40:04.659Z" },
]
